
Microsoft Visual Studio Solution File, Format Version 12.00
# Visual Studio Version 17
VisualStudioVersion = 17.7.34031.279
MinimumVisualStudioVersion = 10.0.40219.1
Project("{FAE04EC0-301F-11D3-BF4B-00C04F79EFBC}") = "Flappy Bird Game", "Flappy Bird Game\Flappy Bird Game.csproj", "{44BA548A-2DD6-479E-8C5E-C5B55998FD01}"
EndProject
Global
	GlobalSection(SolutionConfigurationPlatforms) = preSolution
		Debug|Any CPU = Debug|Any CPU
		Release|Any CPU = Release|Any CPU
	EndGlobalSection
	GlobalSection(ProjectConfigurationPlatforms) = postSolution
		{44BA548A-2DD6-479E-8C5E-C5B55998FD01}.Debug|Any CPU.ActiveCfg = Debug|Any CPU
		{44BA548A-2DD6-479E-8C5E-C5B55998FD01}.Debug|Any CPU.Build.0 = Debug|Any CPU
		{44BA548A-2DD6-479E-8C5E-C5B55998FD01}.Release|Any CPU.ActiveCfg = Release|Any CPU
		{44BA548A-2DD6-479E-8C5E-C5B55998FD01}.Release|Any CPU.Build.0 = Release|Any CPU
	EndGlobalSection
	GlobalSection(SolutionProperties) = preSolution
		HideSolutionNode = FALSE
	EndGlobalSection
	GlobalSection(ExtensibilityGlobals) = postSolution
		SolutionGuid = {1C4ECDD1-3FCF-42A3-A015-21FC450A3148}
	EndGlobalSection
EndGlobal
